
Microsoft Visual Studio Solution File, Format Version 12.00
# Visual Studio Version 17
VisualStudioVersion = 17.5.002.0
MinimumVisualStudioVersion = 10.0.40219.1
Project("{9A19103F-16F7-4668-BE54-9A1E7A4F7556}") = "exercise06", "exercise06.csproj", "{8ADCC276-A36C-4E2A-9195-88CC01EC93CB}"
EndProject
Global
	GlobalSection(SolutionConfigurationPlatforms) = preSolution
		Debug|Any CPU = Debug|Any CPU
		Release|Any CPU = Release|Any CPU
	EndGlobalSection
	GlobalSection(ProjectConfigurationPlatforms) = postSolution
		{8ADCC276-A36C-4E2A-9195-88CC01EC93CB}.Debug|Any CPU.ActiveCfg = Debug|Any CPU
		{8ADCC276-A36C-4E2A-9195-88CC01EC93CB}.Debug|Any CPU.Build.0 = Debug|Any CPU
		{8ADCC276-A36C-4E2A-9195-88CC01EC93CB}.Release|Any CPU.ActiveCfg = Release|Any CPU
		{8ADCC276-A36C-4E2A-9195-88CC01EC93CB}.Release|Any CPU.Build.0 = Release|Any CPU
	EndGlobalSection
	GlobalSection(SolutionProperties) = preSolution
		HideSolutionNode = FALSE
	EndGlobalSection
	GlobalSection(ExtensibilityGlobals) = postSolution
		SolutionGuid = {FE36DB85-E774-47E3-A1E3-04E0A8B7D0D1}
	EndGlobalSection
EndGlobal
